
Microsoft Visual Studio Solution File, Format Version 12.00
# Visual Studio Version 17
VisualStudioVersion = 17.1.32319.34
MinimumVisualStudioVersion = 10.0.40219.1
Project("{9A19103F-16F7-4668-BE54-9A1E7A4F7556}") = "BlazoriseTreeView", "BlazoriseTreeView\BlazoriseTreeView.csproj", "{AF29A6D3-7566-4B35-9CA5-94F2418FD8D2}"
EndProject
Global
	GlobalSection(SolutionConfigurationPlatforms) = preSolution
		Debug|Any CPU = Debug|Any CPU
		Release|Any CPU = Release|Any CPU
	EndGlobalSection
	GlobalSection(ProjectConfigurationPlatforms) = postSolution
		{AF29A6D3-7566-4B35-9CA5-94F2418FD8D2}.Debug|Any CPU.ActiveCfg = Debug|Any CPU
		{AF29A6D3-7566-4B35-9CA5-94F2418FD8D2}.Debug|Any CPU.Build.0 = Debug|Any CPU
		{AF29A6D3-7566-4B35-9CA5-94F2418FD8D2}.Release|Any CPU.ActiveCfg = Release|Any CPU
		{AF29A6D3-7566-4B35-9CA5-94F2418FD8D2}.Release|Any CPU.Build.0 = Release|Any CPU
	EndGlobalSection
	GlobalSection(SolutionProperties) = preSolution
		HideSolutionNode = FALSE
	EndGlobalSection
	GlobalSection(ExtensibilityGlobals) = postSolution
		SolutionGuid = {31C0168C-2ED1-4E70-B2B9-E034F16AF9EA}
	EndGlobalSection
EndGlobal
